{
  "name": "speechmatics-agent-dashboard",
  "version": "0.1.0",
  "lockfileVersion": 3,
  "requires": true,
  "packages": {
    "": {
      "name": "speechmatics-agent-dashboard",
      "version": "0.1.0",
      "license": "UNLICENSED",
      "devDependencies": {
        "eslint": "^9.11.0",
        "prettier": "^3.3.3"
      }
    },
    "node_modules/eslint": {
      "version": "9.11.0",
      "resolved": "https://npmjs.org",
      "integrity": "sha512-1vj7E03Z7umE6wT/N/U4pD3LND1RglzD/m+MfnA3JbZ4dZ/ZtpxeTep0V2e+R7s49P/4M0QO87L8Z8n8w=="
    },
    "node_modules/prettier": {
      "version": "3.3.3",
      "resolved": "https://npmjs.org",
      "integrity": "sha512-4Vw9fK1uJzN5fO/W7vB68U2LzK09Y9N9R3x7G/4h5P0w7cZ4Y9p8=="
    }
  }
}
